// !$*UTF8*$!
{
	archiveVersion = 1;
	classes = {
	};
	objectVersion = 46;
	objects = {

/* Begin PBXBuildFile section */
		BACE420F14E228E900777147 /* Foundation.framework in Frameworks */ = {isa = PBXBuildFile; fileRef = BACE420E14E228E900777147 /* Foundation.framework */; };
		BACE421214E228E900777147 /* main.m in Sources */ = {isa = PBXBuildFile; fileRef = BACE421114E228E900777147 /* main.m */; };
		BACE421614E228E900777147 /* Test.1 in CopyFiles */ = {isa = PBXBuildFile; fileRef = BACE421514E228E900777147 /* Test.1 */; };
/* End PBXBuildFile section */

/* Begin PBXCopyFilesBuildPhase section */
		BACE420814E228E900777147 /* CopyFiles */ = {
			isa = PBXCopyFilesBuildPhase;
			buildActionMask = 2147483647;
			dstPath = /usr/share/man/man1/;
			dstSubfolderSpec = 0;
			files = (
				BACE421614E228E900777147 /* Test.1 in CopyFiles */,
			);
			runOnlyForDeploymentPostprocessing = 1;
		};
/* End PBXCopyFilesBuildPhase section */

/* Begin PBXFileReference section */
		BACE420A14E228E900777147 /* Test */ = {isa = PBXFileReference; explicitFileType = "compiled.mach-o.executable"; includeInIndex = 0; path = Test; sourceTree = BUILT_PRODUCTS_DIR; };
		BACE420E14E228E900777147 /* Foundation.framework */ = {isa = PBXFileReference; lastKnownFileType = wrapper.framework; name = Foundation.framework; path = System/Library/Frameworks/Foundation.framework; sourceTree = SDKROOT; };
		BACE421114E228E900777147 /* main.m */ = {isa = PBXFileReference; lastKnownFileType = sourcecode.c.objc; path = main.m; sourceTree = "<group>"; };
		BACE421414E228E900777147 /* Test-Prefix.pch */ = {isa = PBXFileReference; lastKnownFileType = sourcecode.c.h; path = "Test-Prefix.pch"; sourceTree = "<group>"; };
		BACE421514E228E900777147 /* Test.1 */ = {isa = PBXFileReference; lastKnownFileType = text.man; path = Test.1; sourceTree = "<group>"; };
/* End PBXFileReference section */

/* Begin PBXFrameworksBuildPhase section */
		BACE420714E228E900777147 /* Frameworks */ = {
			isa = PBXFrameworksBuildPhase;
			buildActionMask = 2147483647;
			files = (
				BACE420F14E228E900777147 /* Foundation.framework in Frameworks */,
			);
			runOnlyForDeploymentPostprocessing = 0;
		};
/* End PBXFrameworksBuildPhase section */

/* Begin PBXGroup section */
		BACE41FF14E228E900777147 = {
			isa = PBXGroup;
			children = (
				BACE421014E228E900777147 /* Test */,
				BACE420D14E228E900777147 /* Frameworks */,
				BACE420B14E228E900777147 /* Products */,
			);
			sourceTree = "<group>";
		};
		BACE420B14E228E900777147 /* Products */ = {
			isa = PBXGroup;
			children = (
				BACE420A14E228E900777147 /* Test */,
			);
			name = Products;
			sourceTree = "<group>";
		};
		BACE420D14E228E900777147 /* Frameworks */ = {
			isa = PBXGroup;
			children = (
				BACE420E14E228E900777147 /* Foundation.framework */,
			);
			name = Frameworks;
			sourceTree = "<group>";
		};
		BACE421014E228E900777147 /* Test */ = {
			isa = PBXGroup;
			children = (
				BACE421114E228E900777147 /* main.m */,
				BACE421514E228E900777147 /* Test.1 */,
				BACE421314E228E900777147 /* Supporting Files */,
			);
			path = Test;
			sourceTree = "<group>";
		};
		BACE421314E228E900777147 /* Supporting Files */ = {
			isa = PBXGroup;
			children = (
				BACE421414E228E900777147 /* Test-Prefix.pch */,
			);
			name = "Supporting Files";
			sourceTree = "<group>";
		};
/* End PBXGroup section */

/* Begin PBXNativeTarget section */
		BACE420914E228E900777147 /* Test */ = {
			isa = PBXNativeTarget;
			buildConfigurationList = BACE421914E228E900777147 /* Build configuration list for PBXNativeTarget "Test" */;
			buildPhases = (
				BACE420614E228E900777147 /* Sources */,
				BACE420714E228E900777147 /* Frameworks */,
				BACE420814E228E900777147 /* CopyFiles */,
			);
			buildRules = (
			);
			dependencies = (
			);
			name = Test;
			productName = Test;
			productReference = BACE420A14E228E900777147 /* Test */;
			productType = "com.apple.product-type.tool";
		};
/* End PBXNativeTarget section */

/* Begin PBXProject section */
		BACE420114E228E900777147 /* Project object */ = {
			isa = PBXProject;
			attributes = {
				ORGANIZATIONNAME = microtek;
			};
			buildConfigurationList = BACE420414E228E900777147 /* Build configuration list for PBXProject "Test" */;
			compatibilityVersion = "Xcode 3.2";
			developmentRegion = English;
			hasScannedForEncodings = 0;
			knownRegions = (
				en,
			);
			mainGroup = BACE41FF14E228E900777147;
			productRefGroup = BACE420B14E228E900777147 /* Products */;
			projectDirPath = "";
			projectRoot = "";
			targets = (
				BACE420914E228E900777147 /* Test */,
			);
		};
/* End PBXProject section */

/* Begin PBXSourcesBuildPhase section */
		BACE420614E228E900777147 /* Sources */ = {
			isa = PBXSourcesBuildPhase;
			buildActionMask = 2147483647;
			files = (
				BACE421214E228E900777147 /* main.m in Sources */,
			);
			runOnlyForDeploymentPostprocessing = 0;
		};
/* End PBXSourcesBuildPhase section */

/* Begin XCBuildConfiguration section */
		BACE421714E228E900777147 /* Debug */ = {
			isa = XCBuildConfiguration;
			buildSettings = {
				ALWAYS_SEARCH_USER_PATHS = NO;
				ARCHS = "$(ARCHS_STANDARD_32_64_BIT)";
				CLANG_ENABLE_OBJC_ARC = YES;
				COPY_PHASE_STRIP = NO;
				GCC_C_LANGUAGE_STANDARD = gnu99;
				GCC_DYNAMIC_NO_PIC = NO;
				GCC_ENABLE_OBJC_EXCEPTIONS = YES;
				GCC_OPTIMIZATION_LEVEL = 0;
				GCC_PREPROCESSOR_DEFINITIONS = (
					"DEBUG=1",
					"$(inherited)",
				);
				GCC_SYMBOLS_PRIVATE_EXTERN = NO;
				GCC_VERSION = com.apple.compilers.llvm.clang.1_0;
				GCC_WARN_64_TO_32_BIT_CONVERSION = YES;
				GCC_WARN_ABOUT_MISSING_PROTOTYPES = YES;
				GCC_WARN_ABOUT_RETURN_TYPE = YES;
				GCC_WARN_UNUSED_VARIABLE = YES;
				MACOSX_DEPLOYMENT_TARGET = 10.7;
				ONLY_ACTIVE_ARCH = YES;
				SDKROOT = macosx;
			};
			name = Debug;
		};
		BACE421814E228E900777147 /* Release */ = {
			isa = XCBuildConfiguration;
			buildSettings = {
				ALWAYS_SEARCH_USER_PATHS = NO;
				ARCHS = "$(ARCHS_STANDARD_32_64_BIT)";
				CLANG_ENABLE_OBJC_ARC = YES;
				COPY_PHASE_STRIP = YES;
				DEBUG_INFORMATION_FORMAT = "dwarf-with-dsym";
				GCC_C_LANGUAGE_STANDARD = gnu99;
				GCC_ENABLE_OBJC_EXCEPTIONS = YES;
				GCC_VERSION = com.apple.compilers.llvm.clang.1_0;
				GCC_WARN_64_TO_32_BIT_CONVERSION = YES;
				GCC_WARN_ABOUT_MISSING_PROTOTYPES = YES;
				GCC_WARN_ABOUT_RETURN_TYPE = YES;
				GCC_WARN_UNUSED_VARIABLE = YES;
				MACOSX_DEPLOYMENT_TARGET = 10.7;
				SDKROOT = macosx;
			};
			name = Release;
		};
		BACE421A14E228E900777147 /* Debug */ = {
			isa = XCBuildConfiguration;
			buildSettings = {
				GCC_PRECOMPILE_PREFIX_HEADER = YES;
				GCC_PREFIX_HEADER = "Test/Test-Prefix.pch";
				PRODUCT_NAME = "$(TARGET_NAME)";
			};
			name = Debug;
		};
		BACE421B14E228E900777147 /* Release */ = {
			isa = XCBuildConfiguration;
			buildSettings = {
				GCC_PRECOMPILE_PREFIX_HEADER = YES;
				GCC_PREFIX_HEADER = "Test/Test-Prefix.pch";
				PRODUCT_NAME = "$(TARGET_NAME)";
			};
			name = Release;
		};
/* End XCBuildConfiguration section */

/* Begin XCConfigurationList section */
		BACE420414E228E900777147 /* Build configuration list for PBXProject "Test" */ = {
			isa = XCConfigurationList;
			buildConfigurations = (
				BACE421714E228E900777147 /* Debug */,
				BACE421814E228E900777147 /* Release */,
			);
			defaultConfigurationIsVisible = 0;
			defaultConfigurationName = Release;
		};
		BACE421914E228E900777147 /* Build configuration list for PBXNativeTarget "Test" */ = {
			isa = XCConfigurationList;
			buildConfigurations = (
				BACE421A14E228E900777147 /* Debug */,
				BACE421B14E228E900777147 /* Release */,
			);
			defaultConfigurationIsVisible = 0;
		};
/* End XCConfigurationList section */
	};
	rootObject = BACE420114E228E900777147 /* Project object */;
}
